
Microsoft Visual Studio Solution File, Format Version 12.00
# Visual Studio Version 17
VisualStudioVersion = 17.9.34728.123
MinimumVisualStudioVersion = 10.0.40219.1
Project("{FAE04EC0-301F-11D3-BF4B-00C04F79EFBC}") = "Pronia", "Pronia\Pronia.csproj", "{9128FE6C-0543-414B-B819-A0345D6C127B}"
EndProject
Global
	GlobalSection(SolutionConfigurationPlatforms) = preSolution
		Debug|Any CPU = Debug|Any CPU
		Release|Any CPU = Release|Any CPU
	EndGlobalSection
	GlobalSection(ProjectConfigurationPlatforms) = postSolution
		{9128FE6C-0543-414B-B819-A0345D6C127B}.Debug|Any CPU.ActiveCfg = Debug|Any CPU
		{9128FE6C-0543-414B-B819-A0345D6C127B}.Debug|Any CPU.Build.0 = Debug|Any CPU
		{9128FE6C-0543-414B-B819-A0345D6C127B}.Release|Any CPU.ActiveCfg = Release|Any CPU
		{9128FE6C-0543-414B-B819-A0345D6C127B}.Release|Any CPU.Build.0 = Release|Any CPU
	EndGlobalSection
	GlobalSection(SolutionProperties) = preSolution
		HideSolutionNode = FALSE
	EndGlobalSection
	GlobalSection(ExtensibilityGlobals) = postSolution
		SolutionGuid = {F8D787EA-1CB8-4DE1-AF94-E32E30242882}
	EndGlobalSection
EndGlobal
